# THIS IS AN AUTOGENERATED FILE. DO NOT EDIT THIS FILE DIRECTLY.
# yarn lockfile v1


"@hapi/accept@3.x.x":
  version "3.2.2"
  resolved "https://registry.sh.mml.cloud/artifactory/api/npm/npm/@hapi/accept/-/accept-3.2.2.tgz#3a033af67be8196c23f8f51aa8756687b972c7cb"
  integrity sha1-OgM69nvoGWwj+PUaqHVmh7lyx8s=
  dependencies:
    "@hapi/boom" "7.x.x"
    "@hapi/hoek" "6.x.x"

"@hapi/address@2.x.x":
  version "2.0.0"
  resolved "https://registry.sh.mml.cloud/artifactory/api/npm/npm/@hapi/address/-/address-2.0.0.tgz#9f05469c88cb2fd3dcd624776b54ee95c312126a"
  integrity sha1-nwVGnIjLL9Pc1iR3a1TulcMSEmo=

"@hapi/ammo@3.x.x":
  version "3.1.2"
  resolved "https://registry.yarnpkg.com/@hapi/ammo/-/ammo-3.1.2.tgz#a9edf5d48d99b75fdcd7ab3dabf9059942a06961"
  integrity sha512-ej9OtFmiZv1qr45g1bxEZNGyaR4jRpyMxU6VhbxjaYThymvOwsyIsUKMZnP5Qw2tfYFuwqCJuIBHGpeIbdX9gQ==
  dependencies:
    "@hapi/hoek" "8.x.x"

"@hapi/b64@4.x.x":
  version "4.2.0"
  resolved "https://registry.sh.mml.cloud/artifactory/api/npm/npm/@hapi/b64/-/b64-4.2.0.tgz#76de0c7ed76e55bfa42709a4facfe894dd41d741"
  integrity sha1-dt4MftduVb+kJwmk+s/olN1B10E=
  dependencies:
    "@hapi/hoek" "6.x.x"

"@hapi/boom@7.x.x":
  version "7.4.2"
  resolved "https://registry.sh.mml.cloud/artifactory/api/npm/npm/@hapi/boom/-/boom-7.4.2.tgz#c16957cd09796f6c1bfb4031bdc39d66d6d750c3"
  integrity sha1-wWlXzQl5b2wb+0AxvcOdZtbXUMM=
  dependencies:
    "@hapi/hoek" "6.x.x"

"@hapi/bounce@1.x.x":
  version "1.3.1"
  resolved "https://registry.sh.mml.cloud/artifactory/api/npm/npm/@hapi/bounce/-/bounce-1.3.1.tgz#7e0017300fa92b21bc6706590cac08f6085899e1"
  integrity sha1-fgAXMA+pKyG8ZwZZDKwI9ghYmeE=
  dependencies:
    "@hapi/boom" "7.x.x"
    "@hapi/hoek" "8.x.x"

"@hapi/bourne@1.x.x":
  version "1.3.2"
  resolved "https://registry.sh.mml.cloud/artifactory/api/npm/npm/@hapi/bourne/-/bourne-1.3.2.tgz#0a7095adea067243ce3283e1b56b8a8f453b242a"
  integrity sha1-CnCVreoGckPOMoPhtWuKj0U7JCo=

"@hapi/call@5.x.x":
  version "5.1.0"
  resolved "https://registry.sh.mml.cloud/artifactory/api/npm/npm/@hapi/call/-/call-5.1.0.tgz#91e4c434318003173d96d211d90d35736a33945e"
  integrity sha1-keTENDGAAxc9ltIR2Q01c2ozlF4=
  dependencies:
    "@hapi/boom" "7.x.x"
    "@hapi/hoek" "6.x.x"

"@hapi/catbox-memory@4.x.x":
  version "4.1.0"
  resolved "https://registry.sh.mml.cloud/artifactory/api/npm/npm/@hapi/catbox-memory/-/catbox-memory-4.1.0.tgz#cb5fbaf45c52beb44766dae018a2aee7b43e9c88"
  integrity sha1-y1+69FxSvrRHZtrgGKKu57Q+nIg=
  dependencies:
    "@hapi/boom" "7.x.x"
    "@hapi/hoek" "6.x.x"

"@hapi/catbox@10.x.x":
  version "10.2.1"
  resolved "https://registry.sh.mml.cloud/artifactory/api/npm/npm/@hapi/catbox/-/catbox-10.2.1.tgz#ae21fbcdd16e4dff802b6969ee2d6bc51b7e1128"
  integrity sha1-riH7zdFuTf+AK2lp7i1rxRt+ESg=
  dependencies:
    "@hapi/boom" "7.x.x"
    "@hapi/hoek" "6.x.x"
    "@hapi/joi" "15.x.x"
    "@hapi/podium" "3.x.x"

"@hapi/content@4.x.x":
  version "4.1.0"
  resolved "https://registry.sh.mml.cloud/artifactory/api/npm/npm/@hapi/content/-/content-4.1.0.tgz#5265516949ca081e85a43e97c1058ff53fc69714"
  integrity sha1-UmVRaUnKCB6FpD6XwQWP9T/GlxQ=
  dependencies:
    "@hapi/boom" "7.x.x"

"@hapi/cryptiles@4.x.x":
  version "4.2.0"
  resolved "https://registry.sh.mml.cloud/artifactory/api/npm/npm/@hapi/cryptiles/-/cryptiles-4.2.0.tgz#d22bd5afa54f3c1a3b944a43dadfd4c5e5747f72"
  integrity sha1-0ivVr6VPPBo7lEpD2t/UxeV0f3I=
  dependencies:
    "@hapi/boom" "7.x.x"

"@hapi/file@1.x.x":
  version "1.0.0"
  resolved "https://registry.sh.mml.cloud/artifactory/api/npm/npm/@hapi/file/-/file-1.0.0.tgz#c91c39fd04db8bed5af82d2e032e7a4e65555b38"
  integrity sha1-yRw5/QTbi+1a+C0uAy56TmVVWzg=

"@hapi/hapi@^18.3.1":
  version "18.3.1"
  resolved "https://registry.sh.mml.cloud/artifactory/api/npm/npm/@hapi/hapi/-/hapi-18.3.1.tgz#936d1e24551b11486eabd6a4974bea4ec2127669"
  integrity sha1-k20eJFUbEUhuq9akl0vqTsISdmk=
  dependencies:
    "@hapi/accept" "3.x.x"
    "@hapi/ammo" "3.x.x"
    "@hapi/boom" "7.x.x"
    "@hapi/bounce" "1.x.x"
    "@hapi/call" "5.x.x"
    "@hapi/catbox" "10.x.x"
    "@hapi/catbox-memory" "4.x.x"
    "@hapi/heavy" "6.x.x"
    "@hapi/hoek" "6.x.x"
    "@hapi/joi" "15.x.x"
    "@hapi/mimos" "4.x.x"
    "@hapi/podium" "3.x.x"
    "@hapi/shot" "4.x.x"
    "@hapi/somever" "2.x.x"
    "@hapi/statehood" "6.x.x"
    "@hapi/subtext" "6.x.x"
    "@hapi/teamwork" "3.x.x"
    "@hapi/topo" "3.x.x"

"@hapi/heavy@6.x.x":
  version "6.2.0"
  resolved "https://registry.sh.mml.cloud/artifactory/api/npm/npm/@hapi/heavy/-/heavy-6.2.0.tgz#b6c30578e1f30ab6ca17a818772f11b1116ba8cc"
  integrity sha1-tsMFeOHzCrbKF6gYdy8RsRFrqMw=
  dependencies:
    "@hapi/boom" "7.x.x"
    "@hapi/hoek" "6.x.x"
    "@hapi/joi" "15.x.x"

"@hapi/hoek@6.x.x":
  version "6.2.4"
  resolved "https://registry.sh.mml.cloud/artifactory/api/npm/npm/@hapi/hoek/-/hoek-6.2.4.tgz#4b95fbaccbfba90185690890bdf1a2fbbda10595"
  integrity sha1-S5X7rMv7qQGFaQiQvfGi+72hBZU=

"@hapi/hoek@8.x.x":
  version "8.2.0"
  resolved "https://registry.sh.mml.cloud/artifactory/api/npm/npm/@hapi/hoek/-/hoek-8.2.0.tgz#079a133be240ff866ad8532eaa46a691bdd91117"
  integrity sha1-B5oTO+JA/4Zq2FMuqkamkb3ZERc=

"@hapi/iron@5.x.x":
  version "5.1.0"
  resolved "https://registry.sh.mml.cloud/artifactory/api/npm/npm/@hapi/iron/-/iron-5.1.0.tgz#c3b34783cd19b7b8aabe11b72b0ce3781fcee08d"
  integrity sha1-w7NHg80Zt7iqvhG3KwzjeB/O4I0=
  dependencies:
    "@hapi/b64" "4.x.x"
    "@hapi/boom" "7.x.x"
    "@hapi/cryptiles" "4.x.x"
    "@hapi/hoek" "6.x.x"

"@hapi/joi@15.x.x":
  version "15.1.0"
  resolved "https://registry.sh.mml.cloud/artifactory/api/npm/npm/@hapi/joi/-/joi-15.1.0.tgz#940cb749b5c55c26ab3b34ce362e82b6162c8e7a"
  integrity sha1-lAy3SbXFXCarOzTONi6CthYsjno=
  dependencies:
    "@hapi/address" "2.x.x"
    "@hapi/hoek" "6.x.x"
    "@hapi/marker" "1.x.x"
    "@hapi/topo" "3.x.x"

"@hapi/marker@1.x.x":
  version "1.0.0"
  resolved "https://registry.sh.mml.cloud/artifactory/api/npm/npm/@hapi/marker/-/marker-1.0.0.tgz#65b0b2b01d1be06304886ce9b4b77b1bfb21a769"
  integrity sha1-ZbCysB0b4GMEiGzptLd7G/shp2k=

"@hapi/mimos@4.x.x":
  version "4.1.0"
  resolved "https://registry.sh.mml.cloud/artifactory/api/npm/npm/@hapi/mimos/-/mimos-4.1.0.tgz#8c3345ca3b70c0e10e7e9e35f0e01d314c2d4e32"
  integrity sha1-jDNFyjtwwOEOfp418OAdMUwtTjI=
  dependencies:
    "@hapi/hoek" "6.x.x"
    mime-db "1.x.x"

"@hapi/nigel@3.x.x":
  version "3.1.0"
  resolved "https://registry.sh.mml.cloud/artifactory/api/npm/npm/@hapi/nigel/-/nigel-3.1.0.tgz#88f78220f4f022a5bd1d61b59505367861425595"
  integrity sha1-iPeCIPTwIqW9HWG1lQU2eGFCVZU=
  dependencies:
    "@hapi/hoek" "6.x.x"
    "@hapi/vise" "3.x.x"

"@hapi/pez@4.x.x":
  version "4.1.0"
  resolved "https://registry.sh.mml.cloud/artifactory/api/npm/npm/@hapi/pez/-/pez-4.1.0.tgz#97a88e5d19e756efbd24e5f583d59fa8db1d6cba"
  integrity sha1-l6iOXRnnVu+9JOX1g9WfqNsdbLo=
  dependencies:
    "@hapi/b64" "4.x.x"
    "@hapi/boom" "7.x.x"
    "@hapi/content" "4.x.x"
    "@hapi/hoek" "6.x.x"
    "@hapi/nigel" "3.x.x"

"@hapi/podium@3.x.x":
  version "3.4.0"
  resolved "https://registry.sh.mml.cloud/artifactory/api/npm/npm/@hapi/podium/-/podium-3.4.0.tgz#350b2a93eb13b8b7e297e5bcd8b1fea26e359607"
  integrity sha1-NQsqk+sTuLfil+W82LH+om41lgc=
  dependencies:
    "@hapi/hoek" "6.x.x"
    "@hapi/joi" "15.x.x"

"@hapi/shot@4.x.x":
  version "4.1.0"
  resolved "https://registry.sh.mml.cloud/artifactory/api/npm/npm/@hapi/shot/-/shot-4.1.0.tgz#e564bf5474d932e947bc48ab35ff565d4e1bf57b"
  integrity sha1-5WS/VHTZMulHvEirNf9WXU4b9Xs=
  dependencies:
    "@hapi/hoek" "6.x.x"
    "@hapi/joi" "15.x.x"

"@hapi/somever@2.x.x":
  version "2.1.0"
  resolved "https://registry.sh.mml.cloud/artifactory/api/npm/npm/@hapi/somever/-/somever-2.1.0.tgz#46ccf2a85ab77635982af15aa4a28c847717bdbf"
  integrity sha1-RszyqFq3djWYKvFapKKMhHcXvb8=
  dependencies:
    "@hapi/bounce" "1.x.x"
    "@hapi/hoek" "6.x.x"

"@hapi/statehood@6.x.x":
  version "6.1.0"
  resolved "https://registry.sh.mml.cloud/artifactory/api/npm/npm/@hapi/statehood/-/statehood-6.1.0.tgz#2681c738d816281d6a590286054c8b9e779116fc"
  integrity sha1-JoHHONgWKB1qWQKGBUyLnneRFvw=
  dependencies:
    "@hapi/boom" "7.x.x"
    "@hapi/bounce" "1.x.x"
    "@hapi/bourne" "1.x.x"
    "@hapi/cryptiles" "4.x.x"
    "@hapi/hoek" "6.x.x"
    "@hapi/iron" "5.x.x"
    "@hapi/joi" "15.x.x"

"@hapi/subtext@6.x.x":
  version "6.1.1"
  resolved "https://registry.sh.mml.cloud/artifactory/api/npm/npm/@hapi/subtext/-/subtext-6.1.1.tgz#3b63b4175a7bd06cd0d21f13912c7d81de90e6d2"
  integrity sha1-O2O0F1p70GzQ0h8TkSx9gd6Q5tI=
  dependencies:
    "@hapi/boom" "7.x.x"
    "@hapi/bourne" "1.x.x"
    "@hapi/content" "4.x.x"
    "@hapi/file" "1.x.x"
    "@hapi/hoek" "8.x.x"
    "@hapi/pez" "4.x.x"
    "@hapi/wreck" "15.x.x"

"@hapi/teamwork@3.x.x":
  version "3.3.1"
  resolved "https://registry.sh.mml.cloud/artifactory/api/npm/npm/@hapi/teamwork/-/teamwork-3.3.1.tgz#b52d0ec48682dc793926bd432e22ceb19c915d3f"
  integrity sha1-tS0OxIaC3Hk5Jr1DLiLOsZyRXT8=

"@hapi/topo@3.x.x":
  version "3.1.3"
  resolved "https://registry.sh.mml.cloud/artifactory/api/npm/npm/@hapi/topo/-/topo-3.1.3.tgz#c7a02e0d936596d29f184e6d7fdc07e8b5efce11"
  integrity sha1-x6AuDZNlltKfGE5tf9wH6LXvzhE=
  dependencies:
    "@hapi/hoek" "8.x.x"

"@hapi/vise@3.x.x":
  version "3.1.0"
  resolved "https://registry.sh.mml.cloud/artifactory/api/npm/npm/@hapi/vise/-/vise-3.1.0.tgz#4fa71b9e752f35e5519115c73a47479a7375b445"
  integrity sha1-T6cbnnUvNeVRkRXHOkdHmnN1tEU=
  dependencies:
    "@hapi/hoek" "6.x.x"

"@hapi/wreck@15.x.x":
  version "15.0.1"
  resolved "https://registry.sh.mml.cloud/artifactory/api/npm/npm/@hapi/wreck/-/wreck-15.0.1.tgz#b9f881965a7e649a8fffe6de25ba41973ed28415"
  integrity sha1-ufiBllp+ZJqP/+beJbpBlz7ShBU=
  dependencies:
    "@hapi/boom" "7.x.x"
    "@hapi/bourne" "1.x.x"
    "@hapi/hoek" "6.x.x"

mime-db@1.x.x:
  version "1.40.0"
  resolved "https://registry.sh.mml.cloud/artifactory/api/npm/npm/mime-db/-/mime-db-1.40.0.tgz#a65057e998db090f732a68f6c276d387d4126c32"
  integrity sha1-plBX6ZjbCQ9zKmj2wnbTh9QSbDI=
